
Microsoft Visual Studio Solution File, Format Version 12.00
# Visual Studio Version 16
VisualStudioVersion = 25.0.1700.2
MinimumVisualStudioVersion = 10.0.40219.1
Project("{FAE04EC0-301F-11D3-BF4B-00C04F79EFBC}") = "mini_test5", "mini_test5.csproj", "{57B24814-670A-40B9-BCB1-AFAE0452EA28}"
EndProject
Global
	GlobalSection(SolutionConfigurationPlatforms) = preSolution
		Debug|Any CPU = Debug|Any CPU
		Release|Any CPU = Release|Any CPU
	EndGlobalSection
	GlobalSection(ProjectConfigurationPlatforms) = postSolution
		{57B24814-670A-40B9-BCB1-AFAE0452EA28}.Debug|Any CPU.ActiveCfg = Debug|Any CPU
		{57B24814-670A-40B9-BCB1-AFAE0452EA28}.Debug|Any CPU.Build.0 = Debug|Any CPU
		{57B24814-670A-40B9-BCB1-AFAE0452EA28}.Release|Any CPU.ActiveCfg = Release|Any CPU
		{57B24814-670A-40B9-BCB1-AFAE0452EA28}.Release|Any CPU.Build.0 = Release|Any CPU
	EndGlobalSection
	GlobalSection(SolutionProperties) = preSolution
		HideSolutionNode = FALSE
	EndGlobalSection
	GlobalSection(ExtensibilityGlobals) = postSolution
		SolutionGuid = {DA75D81A-A1B8-46CC-84BB-975C828B2F89}
	EndGlobalSection
EndGlobal
