
Microsoft Visual Studio Solution File, Format Version 12.00
# Visual Studio Version 16
VisualStudioVersion = 16.0.810.23
MinimumVisualStudioVersion = 10.0.40219.1
Project("{FAE04EC0-301F-11D3-BF4B-00C04F79EFBC}") = "day5_1", "day5_1.csproj", "{2EB5094D-A3E8-46C5-AC94-BCA232891118}"
EndProject
Global
	GlobalSection(SolutionConfigurationPlatforms) = preSolution
		Debug|anycpu = Debug|anycpu
		Release|anycpu = Release|anycpu
	EndGlobalSection
	GlobalSection(ProjectConfigurationPlatforms) = postSolution
		{2EB5094D-A3E8-46C5-AC94-BCA232891118}.Debug|anycpu.ActiveCfg = Debug|anycpu
		{2EB5094D-A3E8-46C5-AC94-BCA232891118}.Debug|anycpu.Build.0 = Debug|anycpu
		{2EB5094D-A3E8-46C5-AC94-BCA232891118}.Release|anycpu.ActiveCfg = Release|anycpu
		{2EB5094D-A3E8-46C5-AC94-BCA232891118}.Release|anycpu.Build.0 = Release|anycpu
	EndGlobalSection
	GlobalSection(SolutionProperties) = preSolution
		HideSolutionNode = FALSE
	EndGlobalSection
	GlobalSection(ExtensibilityGlobals) = postSolution
		SolutionGuid = {63CB8B8C-9C8E-4728-B46C-7A9FAFDCE231}
	EndGlobalSection
EndGlobal
