
Microsoft Visual Studio Solution File, Format Version 12.00
# Visual Studio Version 16
VisualStudioVersion = 25.0.1700.2
MinimumVisualStudioVersion = 10.0.40219.1
Project("{FAE04EC0-301F-11D3-BF4B-00C04F79EFBC}") = "lec5_p9", "lec5_p9.csproj", "{28CE6261-5095-41F7-A68D-DE345C7978F3}"
EndProject
Global
	GlobalSection(SolutionConfigurationPlatforms) = preSolution
		Debug|Any CPU = Debug|Any CPU
		Release|Any CPU = Release|Any CPU
	EndGlobalSection
	GlobalSection(ProjectConfigurationPlatforms) = postSolution
		{28CE6261-5095-41F7-A68D-DE345C7978F3}.Debug|Any CPU.ActiveCfg = Debug|Any CPU
		{28CE6261-5095-41F7-A68D-DE345C7978F3}.Debug|Any CPU.Build.0 = Debug|Any CPU
		{28CE6261-5095-41F7-A68D-DE345C7978F3}.Release|Any CPU.ActiveCfg = Release|Any CPU
		{28CE6261-5095-41F7-A68D-DE345C7978F3}.Release|Any CPU.Build.0 = Release|Any CPU
	EndGlobalSection
	GlobalSection(SolutionProperties) = preSolution
		HideSolutionNode = FALSE
	EndGlobalSection
	GlobalSection(ExtensibilityGlobals) = postSolution
		SolutionGuid = {F834E8C7-BD76-4EEE-84CD-33064D438DF6}
	EndGlobalSection
EndGlobal
