
Microsoft Visual Studio Solution File, Format Version 12.00
# Visual Studio Version 16
VisualStudioVersion = 25.0.1700.5
MinimumVisualStudioVersion = 10.0.40219.1
Project("{FAE04EC0-301F-11D3-BF4B-00C04F79EFBC}") = "lecture6_p16", "lecture6_p16.csproj", "{CDBF26A1-4004-4E2B-B49B-C255392F4054}"
EndProject
Global
	GlobalSection(SolutionConfigurationPlatforms) = preSolution
		Debug|Any CPU = Debug|Any CPU
		Release|Any CPU = Release|Any CPU
	EndGlobalSection
	GlobalSection(ProjectConfigurationPlatforms) = postSolution
		{CDBF26A1-4004-4E2B-B49B-C255392F4054}.Debug|Any CPU.ActiveCfg = Debug|Any CPU
		{CDBF26A1-4004-4E2B-B49B-C255392F4054}.Debug|Any CPU.Build.0 = Debug|Any CPU
		{CDBF26A1-4004-4E2B-B49B-C255392F4054}.Release|Any CPU.ActiveCfg = Release|Any CPU
		{CDBF26A1-4004-4E2B-B49B-C255392F4054}.Release|Any CPU.Build.0 = Release|Any CPU
	EndGlobalSection
	GlobalSection(SolutionProperties) = preSolution
		HideSolutionNode = FALSE
	EndGlobalSection
	GlobalSection(ExtensibilityGlobals) = postSolution
		SolutionGuid = {06DF148B-5427-43E0-B5B9-F14263C5A0C8}
	EndGlobalSection
EndGlobal
