
Microsoft Visual Studio Solution File, Format Version 12.00
# Visual Studio Version 16
VisualStudioVersion = 16.0.810.23
MinimumVisualStudioVersion = 10.0.40219.1
Project("{FAE04EC0-301F-11D3-BF4B-00C04F79EFBC}") = "day2_7", "day2_7.csproj", "{E8137E25-076A-4C26-8649-2A92AD418534}"
EndProject
Global
	GlobalSection(SolutionConfigurationPlatforms) = preSolution
		Debug|anycpu = Debug|anycpu
		Release|anycpu = Release|anycpu
	EndGlobalSection
	GlobalSection(ProjectConfigurationPlatforms) = postSolution
		{E8137E25-076A-4C26-8649-2A92AD418534}.Debug|anycpu.ActiveCfg = Debug|anycpu
		{E8137E25-076A-4C26-8649-2A92AD418534}.Debug|anycpu.Build.0 = Debug|anycpu
		{E8137E25-076A-4C26-8649-2A92AD418534}.Release|anycpu.ActiveCfg = Release|anycpu
		{E8137E25-076A-4C26-8649-2A92AD418534}.Release|anycpu.Build.0 = Release|anycpu
	EndGlobalSection
	GlobalSection(SolutionProperties) = preSolution
		HideSolutionNode = FALSE
	EndGlobalSection
	GlobalSection(ExtensibilityGlobals) = postSolution
		SolutionGuid = {16ED1C37-FADF-4708-B978-4FA2C2834E04}
	EndGlobalSection
EndGlobal
