
Microsoft Visual Studio Solution File, Format Version 12.00
# Visual Studio Version 16
VisualStudioVersion = 25.0.1700.0
MinimumVisualStudioVersion = 10.0.40219.1
Project("{FAE04EC0-301F-11D3-BF4B-00C04F79EFBC}") = "lec3_4_p13-p17", "lec3_4_p13-p17.csproj", "{4EB195B8-E95C-4F18-89F6-DA42AD447134}"
EndProject
Global
	GlobalSection(SolutionConfigurationPlatforms) = preSolution
		Debug|Any CPU = Debug|Any CPU
		Release|Any CPU = Release|Any CPU
	EndGlobalSection
	GlobalSection(ProjectConfigurationPlatforms) = postSolution
		{4EB195B8-E95C-4F18-89F6-DA42AD447134}.Debug|Any CPU.ActiveCfg = Debug|Any CPU
		{4EB195B8-E95C-4F18-89F6-DA42AD447134}.Debug|Any CPU.Build.0 = Debug|Any CPU
		{4EB195B8-E95C-4F18-89F6-DA42AD447134}.Release|Any CPU.ActiveCfg = Release|Any CPU
		{4EB195B8-E95C-4F18-89F6-DA42AD447134}.Release|Any CPU.Build.0 = Release|Any CPU
	EndGlobalSection
	GlobalSection(SolutionProperties) = preSolution
		HideSolutionNode = FALSE
	EndGlobalSection
	GlobalSection(ExtensibilityGlobals) = postSolution
		SolutionGuid = {1EB921F9-63F2-4FB1-A1B9-AB0C5C3299F8}
	EndGlobalSection
EndGlobal
