
Microsoft Visual Studio Solution File, Format Version 12.00
# Visual Studio Version 16
VisualStudioVersion = 25.0.1700.2
MinimumVisualStudioVersion = 10.0.40219.1
Project("{FAE04EC0-301F-11D3-BF4B-00C04F79EFBC}") = "lec4_p18", "lec4_p18.csproj", "{F916B0D9-62DD-4A09-8A3A-4EEFD2349806}"
EndProject
Global
	GlobalSection(SolutionConfigurationPlatforms) = preSolution
		Debug|Any CPU = Debug|Any CPU
		Release|Any CPU = Release|Any CPU
	EndGlobalSection
	GlobalSection(ProjectConfigurationPlatforms) = postSolution
		{F916B0D9-62DD-4A09-8A3A-4EEFD2349806}.Debug|Any CPU.ActiveCfg = Debug|Any CPU
		{F916B0D9-62DD-4A09-8A3A-4EEFD2349806}.Debug|Any CPU.Build.0 = Debug|Any CPU
		{F916B0D9-62DD-4A09-8A3A-4EEFD2349806}.Release|Any CPU.ActiveCfg = Release|Any CPU
		{F916B0D9-62DD-4A09-8A3A-4EEFD2349806}.Release|Any CPU.Build.0 = Release|Any CPU
	EndGlobalSection
	GlobalSection(SolutionProperties) = preSolution
		HideSolutionNode = FALSE
	EndGlobalSection
	GlobalSection(ExtensibilityGlobals) = postSolution
		SolutionGuid = {CD870A8D-7952-43D5-9179-B6C586A59E5D}
	EndGlobalSection
EndGlobal
