
Microsoft Visual Studio Solution File, Format Version 12.00
# Visual Studio Version 16
VisualStudioVersion = 16.0.810.22
MinimumVisualStudioVersion = 10.0.40219.1
Project("{FAE04EC0-301F-11D3-BF4B-00C04F79EFBC}") = "day2_4", "day2_4.csproj", "{CDBCA726-2848-4787-B3FF-A71CC1B6D548}"
EndProject
Global
	GlobalSection(SolutionConfigurationPlatforms) = preSolution
		Debug|anycpu = Debug|anycpu
		Release|anycpu = Release|anycpu
	EndGlobalSection
	GlobalSection(ProjectConfigurationPlatforms) = postSolution
		{CDBCA726-2848-4787-B3FF-A71CC1B6D548}.Debug|anycpu.ActiveCfg = Debug|anycpu
		{CDBCA726-2848-4787-B3FF-A71CC1B6D548}.Debug|anycpu.Build.0 = Debug|anycpu
		{CDBCA726-2848-4787-B3FF-A71CC1B6D548}.Release|anycpu.ActiveCfg = Release|anycpu
		{CDBCA726-2848-4787-B3FF-A71CC1B6D548}.Release|anycpu.Build.0 = Release|anycpu
	EndGlobalSection
	GlobalSection(SolutionProperties) = preSolution
		HideSolutionNode = FALSE
	EndGlobalSection
	GlobalSection(ExtensibilityGlobals) = postSolution
		SolutionGuid = {462E0A40-40E6-4E4D-A41C-DF9E8DB6FFBD}
	EndGlobalSection
EndGlobal
