
Microsoft Visual Studio Solution File, Format Version 12.00
# Visual Studio Version 16
VisualStudioVersion = 25.0.1700.5
MinimumVisualStudioVersion = 10.0.40219.1
Project("{FAE04EC0-301F-11D3-BF4B-00C04F79EFBC}") = "lec5_p21", "lec5_p21.csproj", "{F8D35602-D554-4D97-9E7F-021B568FF90D}"
EndProject
Global
	GlobalSection(SolutionConfigurationPlatforms) = preSolution
		Debug|Any CPU = Debug|Any CPU
		Release|Any CPU = Release|Any CPU
	EndGlobalSection
	GlobalSection(ProjectConfigurationPlatforms) = postSolution
		{F8D35602-D554-4D97-9E7F-021B568FF90D}.Debug|Any CPU.ActiveCfg = Debug|Any CPU
		{F8D35602-D554-4D97-9E7F-021B568FF90D}.Debug|Any CPU.Build.0 = Debug|Any CPU
		{F8D35602-D554-4D97-9E7F-021B568FF90D}.Release|Any CPU.ActiveCfg = Release|Any CPU
		{F8D35602-D554-4D97-9E7F-021B568FF90D}.Release|Any CPU.Build.0 = Release|Any CPU
	EndGlobalSection
	GlobalSection(SolutionProperties) = preSolution
		HideSolutionNode = FALSE
	EndGlobalSection
	GlobalSection(ExtensibilityGlobals) = postSolution
		SolutionGuid = {96AE3879-F5A8-49A2-B684-12F6E19F7234}
	EndGlobalSection
EndGlobal
