
Microsoft Visual Studio Solution File, Format Version 12.00
# Visual Studio Version 16
VisualStudioVersion = 16.0.810.22
MinimumVisualStudioVersion = 10.0.40219.1
Project("{FAE04EC0-301F-11D3-BF4B-00C04F79EFBC}") = "day2_1", "day2_1.csproj", "{5F89C3B7-7DA1-4E69-8B1A-550DF4510036}"
EndProject
Global
	GlobalSection(SolutionConfigurationPlatforms) = preSolution
		Debug|anycpu = Debug|anycpu
		Release|anycpu = Release|anycpu
	EndGlobalSection
	GlobalSection(ProjectConfigurationPlatforms) = postSolution
		{5F89C3B7-7DA1-4E69-8B1A-550DF4510036}.Debug|anycpu.ActiveCfg = Debug|anycpu
		{5F89C3B7-7DA1-4E69-8B1A-550DF4510036}.Debug|anycpu.Build.0 = Debug|anycpu
		{5F89C3B7-7DA1-4E69-8B1A-550DF4510036}.Release|anycpu.ActiveCfg = Release|anycpu
		{5F89C3B7-7DA1-4E69-8B1A-550DF4510036}.Release|anycpu.Build.0 = Release|anycpu
	EndGlobalSection
	GlobalSection(SolutionProperties) = preSolution
		HideSolutionNode = FALSE
	EndGlobalSection
	GlobalSection(ExtensibilityGlobals) = postSolution
		SolutionGuid = {965B1CA8-1DFC-48D3-AAF8-7A74EA3B4BAE}
	EndGlobalSection
EndGlobal
