
Microsoft Visual Studio Solution File, Format Version 12.00
# Visual Studio Version 16
VisualStudioVersion = 25.0.1700.1
MinimumVisualStudioVersion = 10.0.40219.1
Project("{FAE04EC0-301F-11D3-BF4B-00C04F79EFBC}") = "mid-test4", "mid-test4.csproj", "{E8CEFA3D-5131-4E71-BB0B-CC503FE3B5A1}"
EndProject
Global
	GlobalSection(SolutionConfigurationPlatforms) = preSolution
		Debug|Any CPU = Debug|Any CPU
		Release|Any CPU = Release|Any CPU
	EndGlobalSection
	GlobalSection(ProjectConfigurationPlatforms) = postSolution
		{E8CEFA3D-5131-4E71-BB0B-CC503FE3B5A1}.Debug|Any CPU.ActiveCfg = Debug|Any CPU
		{E8CEFA3D-5131-4E71-BB0B-CC503FE3B5A1}.Debug|Any CPU.Build.0 = Debug|Any CPU
		{E8CEFA3D-5131-4E71-BB0B-CC503FE3B5A1}.Release|Any CPU.ActiveCfg = Release|Any CPU
		{E8CEFA3D-5131-4E71-BB0B-CC503FE3B5A1}.Release|Any CPU.Build.0 = Release|Any CPU
	EndGlobalSection
	GlobalSection(SolutionProperties) = preSolution
		HideSolutionNode = FALSE
	EndGlobalSection
	GlobalSection(ExtensibilityGlobals) = postSolution
		SolutionGuid = {02EC908A-5DE2-4BC4-9DA8-E545A507233F}
	EndGlobalSection
EndGlobal
